// !$*UTF8*$!
{
	archiveVersion = 1;
	classes = {
	};
	objectVersion = 56;
	objects = {

/* Begin PBXBuildFile section */
		3BD3AC452BE4DC08005F528C /* AppDelegate.swift in Sources */ = {isa = PBXBuildFile; fileRef = 3BD3AC442BE4DC08005F528C /* AppDelegate.swift */; };
		3BD3AC472BE4DC08005F528C /* SceneDelegate.swift in Sources */ = {isa = PBXBuildFile; fileRef = 3BD3AC462BE4DC08005F528C /* SceneDelegate.swift */; };
		3BD3AC492BE4DC08005F528C /* MainViewController.swift in Sources */ = {isa = PBXBuildFile; fileRef = 3BD3AC482BE4DC08005F528C /* MainViewController.swift */; };
		3BD3AC4C2BE4DC08005F528C /* Base in Resources */ = {isa = PBXBuildFile; fileRef = 3BD3AC4B2BE4DC08005F528C /* Base */; };
		3BD3AC4E2BE4DC09005F528C /* Assets.xcassets in Resources */ = {isa = PBXBuildFile; fileRef = 3BD3AC4D2BE4DC09005F528C /* Assets.xcassets */; };
		3BD3AC512BE4DC09005F528C /* Base in Resources */ = {isa = PBXBuildFile; fileRef = 3BD3AC502BE4DC09005F528C /* Base */; };
		3BD3AC5C2BE4DC0A005F528C /* MVP_Level_OneTests.swift in Sources */ = {isa = PBXBuildFile; fileRef = 3BD3AC5B2BE4DC0A005F528C /* MVP_Level_OneTests.swift */; };
		3BD3AC662BE4DC0A005F528C /* MVP_Level_OneUITests.swift in Sources */ = {isa = PBXBuildFile; fileRef = 3BD3AC652BE4DC0A005F528C /* MVP_Level_OneUITests.swift */; };
		3BD3AC682BE4DC0A005F528C /* MVP_Level_OneUITestsLaunchTests.swift in Sources */ = {isa = PBXBuildFile; fileRef = 3BD3AC672BE4DC0A005F528C /* MVP_Level_OneUITestsLaunchTests.swift */; };
		3BD3AC752BE4DC47005F528C /* Comment.swift in Sources */ = {isa = PBXBuildFile; fileRef = 3BD3AC742BE4DC47005F528C /* Comment.swift */; };
		3BD3AC772BE4DDAA005F528C /* MainPresenter.swift in Sources */ = {isa = PBXBuildFile; fileRef = 3BD3AC762BE4DDAA005F528C /* MainPresenter.swift */; };
		3BD3AC7D2BE4E105005F528C /* MainViewController.xib in Resources */ = {isa = PBXBuildFile; fileRef = 3BD3AC7C2BE4E105005F528C /* MainViewController.xib */; };
		3BD3AC7F2BE4E1EC005F528C /* ModelBuilder.swift in Sources */ = {isa = PBXBuildFile; fileRef = 3BD3AC7E2BE4E1EC005F528C /* ModelBuilder.swift */; };
		3BD3AC842BE4E555005F528C /* MainPresenterTest.swift in Sources */ = {isa = PBXBuildFile; fileRef = 3BD3AC832BE4E555005F528C /* MainPresenterTest.swift */; };
		3BD3AC862BE4F170005F528C /* NetworkService.swift in Sources */ = {isa = PBXBuildFile; fileRef = 3BD3AC852BE4F170005F528C /* NetworkService.swift */; };
		3BD3AC8B2BE4F690005F528C /* DetailPresenter.swift in Sources */ = {isa = PBXBuildFile; fileRef = 3BD3AC8A2BE4F690005F528C /* DetailPresenter.swift */; };
		3BD3AC952BE4F977005F528C /* DetailViewController.xib in Resources */ = {isa = PBXBuildFile; fileRef = 3BD3AC942BE4F977005F528C /* DetailViewController.xib */; };
		3BD3AC962BE4F977005F528C /* DetailViewController.swift in Sources */ = {isa = PBXBuildFile; fileRef = 3BD3AC932BE4F977005F528C /* DetailViewController.swift */; };
/* End PBXBuildFile section */

/* Begin PBXContainerItemProxy section */
		3BD3AC582BE4DC0A005F528C /* PBXContainerItemProxy */ = {
			isa = PBXContainerItemProxy;
			containerPortal = 3BD3AC392BE4DC08005F528C /* Project object */;
			proxyType = 1;
			remoteGlobalIDString = 3BD3AC402BE4DC08005F528C;
			remoteInfo = "MVP-Level One";
		};
		3BD3AC622BE4DC0A005F528C /* PBXContainerItemProxy */ = {
			isa = PBXContainerItemProxy;
			containerPortal = 3BD3AC392BE4DC08005F528C /* Project object */;
			proxyType = 1;
			remoteGlobalIDString = 3BD3AC402BE4DC08005F528C;
			remoteInfo = "MVP-Level One";
		};
/* End PBXContainerItemProxy section */

/* Begin PBXFileReference section */
		3BD3AC412BE4DC08005F528C /* MVP-Level One.app */ = {isa = PBXFileReference; explicitFileType = wrapper.application; includeInIndex = 0; path = "MVP-Level One.app"; sourceTree = BUILT_PRODUCTS_DIR; };
		3BD3AC442BE4DC08005F528C /* AppDelegate.swift */ = {isa = PBXFileReference; lastKnownFileType = sourcecode.swift; path = AppDelegate.swift; sourceTree = "<group>"; };
		3BD3AC462BE4DC08005F528C /* SceneDelegate.swift */ = {isa = PBXFileReference; lastKnownFileType = sourcecode.swift; path = SceneDelegate.swift; sourceTree = "<group>"; };
		3BD3AC482BE4DC08005F528C /* MainViewController.swift */ = {isa = PBXFileReference; lastKnownFileType = sourcecode.swift; path = MainViewController.swift; sourceTree = "<group>"; };
		3BD3AC4B2BE4DC08005F528C /* Base */ = {isa = PBXFileReference; lastKnownFileType = file.storyboard; name = Base; path = Base.lproj/Main.storyboard; sourceTree = "<group>"; };
		3BD3AC4D2BE4DC09005F528C /* Assets.xcassets */ = {isa = PBXFileReference; lastKnownFileType = folder.assetcatalog; path = Assets.xcassets; sourceTree = "<group>"; };
		3BD3AC502BE4DC09005F528C /* Base */ = {isa = PBXFileReference; lastKnownFileType = file.storyboard; name = Base; path = Base.lproj/LaunchScreen.storyboard; sourceTree = "<group>"; };
		3BD3AC522BE4DC09005F528C /* Info.plist */ = {isa = PBXFileReference; lastKnownFileType = text.plist.xml; path = Info.plist; sourceTree = "<group>"; };
		3BD3AC572BE4DC0A005F528C /* MVP-Level OneTests.xctest */ = {isa = PBXFileReference; explicitFileType = wrapper.cfbundle; includeInIndex = 0; path = "MVP-Level OneTests.xctest"; sourceTree = BUILT_PRODUCTS_DIR; };
		3BD3AC5B2BE4DC0A005F528C /* MVP_Level_OneTests.swift */ = {isa = PBXFileReference; lastKnownFileType = sourcecode.swift; path = MVP_Level_OneTests.swift; sourceTree = "<group>"; };
		3BD3AC612BE4DC0A005F528C /* MVP-Level OneUITests.xctest */ = {isa = PBXFileReference; explicitFileType = wrapper.cfbundle; includeInIndex = 0; path = "MVP-Level OneUITests.xctest"; sourceTree = BUILT_PRODUCTS_DIR; };
		3BD3AC652BE4DC0A005F528C /* MVP_Level_OneUITests.swift */ = {isa = PBXFileReference; lastKnownFileType = sourcecode.swift; path = MVP_Level_OneUITests.swift; sourceTree = "<group>"; };
		3BD3AC672BE4DC0A005F528C /* MVP_Level_OneUITestsLaunchTests.swift */ = {isa = PBXFileReference; lastKnownFileType = sourcecode.swift; path = MVP_Level_OneUITestsLaunchTests.swift; sourceTree = "<group>"; };
		3BD3AC742BE4DC47005F528C /* Comment.swift */ = {isa = PBXFileReference; lastKnownFileType = sourcecode.swift; path = Comment.swift; sourceTree = "<group>"; };
		3BD3AC762BE4DDAA005F528C /* MainPresenter.swift */ = {isa = PBXFileReference; lastKnownFileType = sourcecode.swift; path = MainPresenter.swift; sourceTree = "<group>"; };
		3BD3AC7C2BE4E105005F528C /* MainViewController.xib */ = {isa = PBXFileReference; lastKnownFileType = file.xib; path = MainViewController.xib; sourceTree = "<group>"; };
		3BD3AC7E2BE4E1EC005F528C /* ModelBuilder.swift */ = {isa = PBXFileReference; lastKnownFileType = sourcecode.swift; path = ModelBuilder.swift; sourceTree = "<group>"; };
		3BD3AC832BE4E555005F528C /* MainPresenterTest.swift */ = {isa = PBXFileReference; lastKnownFileType = sourcecode.swift; path = MainPresenterTest.swift; sourceTree = "<group>"; };
		3BD3AC852BE4F170005F528C /* NetworkService.swift */ = {isa = PBXFileReference; lastKnownFileType = sourcecode.swift; path = NetworkService.swift; sourceTree = "<group>"; };
		3BD3AC8A2BE4F690005F528C /* DetailPresenter.swift */ = {isa = PBXFileReference; lastKnownFileType = sourcecode.swift; path = DetailPresenter.swift; sourceTree = "<group>"; };
		3BD3AC932BE4F977005F528C /* DetailViewController.swift */ = {isa = PBXFileReference; lastKnownFileType = sourcecode.swift; path = DetailViewController.swift; sourceTree = "<group>"; };
		3BD3AC942BE4F977005F528C /* DetailViewController.xib */ = {isa = PBXFileReference; lastKnownFileType = file.xib; path = DetailViewController.xib; sourceTree = "<group>"; };
/* End PBXFileReference section */

/* Begin PBXFrameworksBuildPhase section */
		3BD3AC3E2BE4DC08005F528C /* Frameworks */ = {
			isa = PBXFrameworksBuildPhase;
			buildActionMask = 2147483647;
			files = (
			);
			runOnlyForDeploymentPostprocessing = 0;
		};
		3BD3AC542BE4DC0A005F528C /* Frameworks */ = {
			isa = PBXFrameworksBuildPhase;
			buildActionMask = 2147483647;
			files = (
			);
			runOnlyForDeploymentPostprocessing = 0;
		};
		3BD3AC5E2BE4DC0A005F528C /* Frameworks */ = {
			isa = PBXFrameworksBuildPhase;
			buildActionMask = 2147483647;
			files = (
			);
			runOnlyForDeploymentPostprocessing = 0;
		};
/* End PBXFrameworksBuildPhase section */

/* Begin PBXGroup section */
		3BD3AC382BE4DC08005F528C = {
			isa = PBXGroup;
			children = (
				3BD3AC432BE4DC08005F528C /* MVP-Level One */,
				3BD3AC5A2BE4DC0A005F528C /* MVP-Level OneTests */,
				3BD3AC642BE4DC0A005F528C /* MVP-Level OneUITests */,
				3BD3AC422BE4DC08005F528C /* Products */,
			);
			sourceTree = "<group>";
		};
		3BD3AC422BE4DC08005F528C /* Products */ = {
			isa = PBXGroup;
			children = (
				3BD3AC412BE4DC08005F528C /* MVP-Level One.app */,
				3BD3AC572BE4DC0A005F528C /* MVP-Level OneTests.xctest */,
				3BD3AC612BE4DC0A005F528C /* MVP-Level OneUITests.xctest */,
			);
			name = Products;
			sourceTree = "<group>";
		};
		3BD3AC432BE4DC08005F528C /* MVP-Level One */ = {
			isa = PBXGroup;
			children = (
				3BD3AC442BE4DC08005F528C /* AppDelegate.swift */,
				3BD3AC462BE4DC08005F528C /* SceneDelegate.swift */,
				3BD3AC7E2BE4E1EC005F528C /* ModelBuilder.swift */,
				3BD3AC8D2BE4F826005F528C /* DetailModule */,
				3BD3AC782BE4E0AD005F528C /* MainModule */,
				3BD3AC872BE4F191005F528C /* ServiceLayer */,
				3BD3AC4A2BE4DC08005F528C /* Main.storyboard */,
				3BD3AC4D2BE4DC09005F528C /* Assets.xcassets */,
				3BD3AC4F2BE4DC09005F528C /* LaunchScreen.storyboard */,
				3BD3AC522BE4DC09005F528C /* Info.plist */,
			);
			path = "MVP-Level One";
			sourceTree = "<group>";
		};
		3BD3AC5A2BE4DC0A005F528C /* MVP-Level OneTests */ = {
			isa = PBXGroup;
			children = (
				3BD3AC822BE4E517005F528C /* TestMainModule */,
				3BD3AC5B2BE4DC0A005F528C /* MVP_Level_OneTests.swift */,
			);
			path = "MVP-Level OneTests";
			sourceTree = "<group>";
		};
		3BD3AC642BE4DC0A005F528C /* MVP-Level OneUITests */ = {
			isa = PBXGroup;
			children = (
				3BD3AC652BE4DC0A005F528C /* MVP_Level_OneUITests.swift */,
				3BD3AC672BE4DC0A005F528C /* MVP_Level_OneUITestsLaunchTests.swift */,
			);
			path = "MVP-Level OneUITests";
			sourceTree = "<group>";
		};
		3BD3AC782BE4E0AD005F528C /* MainModule */ = {
			isa = PBXGroup;
			children = (
				3BD3AC792BE4E0BF005F528C /* View */,
				3BD3AC7A2BE4E0C6005F528C /* Model */,
				3BD3AC7B2BE4E0CC005F528C /* Presenter */,
			);
			path = MainModule;
			sourceTree = "<group>";
		};
		3BD3AC792BE4E0BF005F528C /* View */ = {
			isa = PBXGroup;
			children = (
				3BD3AC482BE4DC08005F528C /* MainViewController.swift */,
				3BD3AC7C2BE4E105005F528C /* MainViewController.xib */,
			);
			path = View;
			sourceTree = "<group>";
		};
		3BD3AC7A2BE4E0C6005F528C /* Model */ = {
			isa = PBXGroup;
			children = (
				3BD3AC742BE4DC47005F528C /* Comment.swift */,
			);
			path = Model;
			sourceTree = "<group>";
		};
		3BD3AC7B2BE4E0CC005F528C /* Presenter */ = {
			isa = PBXGroup;
			children = (
				3BD3AC762BE4DDAA005F528C /* MainPresenter.swift */,
			);
			path = Presenter;
			sourceTree = "<group>";
		};
		3BD3AC822BE4E517005F528C /* TestMainModule */ = {
			isa = PBXGroup;
			children = (
				3BD3AC832BE4E555005F528C /* MainPresenterTest.swift */,
			);
			path = TestMainModule;
			sourceTree = "<group>";
		};
		3BD3AC872BE4F191005F528C /* ServiceLayer */ = {
			isa = PBXGroup;
			children = (
				3BD3AC852BE4F170005F528C /* NetworkService.swift */,
			);
			path = ServiceLayer;
			sourceTree = "<group>";
		};
		3BD3AC8C2BE4F808005F528C /* Presenter */ = {
			isa = PBXGroup;
			children = (
				3BD3AC8A2BE4F690005F528C /* DetailPresenter.swift */,
			);
			path = Presenter;
			sourceTree = "<group>";
		};
		3BD3AC8D2BE4F826005F528C /* DetailModule */ = {
			isa = PBXGroup;
			children = (
				3BD3AC922BE4F861005F528C /* View */,
				3BD3AC8C2BE4F808005F528C /* Presenter */,
			);
			path = DetailModule;
			sourceTree = "<group>";
		};
		3BD3AC922BE4F861005F528C /* View */ = {
			isa = PBXGroup;
			children = (
				3BD3AC932BE4F977005F528C /* DetailViewController.swift */,
				3BD3AC942BE4F977005F528C /* DetailViewController.xib */,
			);
			path = View;
			sourceTree = "<group>";
		};
/* End PBXGroup section */

/* Begin PBXNativeTarget section */
		3BD3AC402BE4DC08005F528C /* MVP-Level One */ = {
			isa = PBXNativeTarget;
			buildConfigurationList = 3BD3AC6B2BE4DC0A005F528C /* Build configuration list for PBXNativeTarget "MVP-Level One" */;
			buildPhases = (
				3BD3AC3D2BE4DC08005F528C /* Sources */,
				3BD3AC3E2BE4DC08005F528C /* Frameworks */,
				3BD3AC3F2BE4DC08005F528C /* Resources */,
			);
			buildRules = (
			);
			dependencies = (
			);
			name = "MVP-Level One";
			productName = "MVP-Level One";
			productReference = 3BD3AC412BE4DC08005F528C /* MVP-Level One.app */;
			productType = "com.apple.product-type.application";
		};
		3BD3AC562BE4DC0A005F528C /* MVP-Level OneTests */ = {
			isa = PBXNativeTarget;
			buildConfigurationList = 3BD3AC6E2BE4DC0A005F528C /* Build configuration list for PBXNativeTarget "MVP-Level OneTests" */;
			buildPhases = (
				3BD3AC532BE4DC0A005F528C /* Sources */,
				3BD3AC542BE4DC0A005F528C /* Frameworks */,
				3BD3AC552BE4DC0A005F528C /* Resources */,
			);
			buildRules = (
			);
			dependencies = (
				3BD3AC592BE4DC0A005F528C /* PBXTargetDependency */,
			);
			name = "MVP-Level OneTests";
			productName = "MVP-Level OneTests";
			productReference = 3BD3AC572BE4DC0A005F528C /* MVP-Level OneTests.xctest */;
			productType = "com.apple.product-type.bundle.unit-test";
		};
		3BD3AC602BE4DC0A005F528C /* MVP-Level OneUITests */ = {
			isa = PBXNativeTarget;
			buildConfigurationList = 3BD3AC712BE4DC0A005F528C /* Build configuration list for PBXNativeTarget "MVP-Level OneUITests" */;
			buildPhases = (
				3BD3AC5D2BE4DC0A005F528C /* Sources */,
				3BD3AC5E2BE4DC0A005F528C /* Frameworks */,
				3BD3AC5F2BE4DC0A005F528C /* Resources */,
			);
			buildRules = (
			);
			dependencies = (
				3BD3AC632BE4DC0A005F528C /* PBXTargetDependency */,
			);
			name = "MVP-Level OneUITests";
			productName = "MVP-Level OneUITests";
			productReference = 3BD3AC612BE4DC0A005F528C /* MVP-Level OneUITests.xctest */;
			productType = "com.apple.product-type.bundle.ui-testing";
		};
/* End PBXNativeTarget section */

/* Begin PBXProject section */
		3BD3AC392BE4DC08005F528C /* Project object */ = {
			isa = PBXProject;
			attributes = {
				BuildIndependentTargetsInParallel = 1;
				LastSwiftUpdateCheck = 1530;
				LastUpgradeCheck = 1530;
				TargetAttributes = {
					3BD3AC402BE4DC08005F528C = {
						CreatedOnToolsVersion = 15.3;
					};
					3BD3AC562BE4DC0A005F528C = {
						CreatedOnToolsVersion = 15.3;
						TestTargetID = 3BD3AC402BE4DC08005F528C;
					};
					3BD3AC602BE4DC0A005F528C = {
						CreatedOnToolsVersion = 15.3;
						TestTargetID = 3BD3AC402BE4DC08005F528C;
					};
				};
			};
			buildConfigurationList = 3BD3AC3C2BE4DC08005F528C /* Build configuration list for PBXProject "MVP-Level One" */;
			compatibilityVersion = "Xcode 14.0";
			developmentRegion = en;
			hasScannedForEncodings = 0;
			knownRegions = (
				en,
				Base,
			);
			mainGroup = 3BD3AC382BE4DC08005F528C;
			productRefGroup = 3BD3AC422BE4DC08005F528C /* Products */;
			projectDirPath = "";
			projectRoot = "";
			targets = (
				3BD3AC402BE4DC08005F528C /* MVP-Level One */,
				3BD3AC562BE4DC0A005F528C /* MVP-Level OneTests */,
				3BD3AC602BE4DC0A005F528C /* MVP-Level OneUITests */,
			);
		};
/* End PBXProject section */

/* Begin PBXResourcesBuildPhase section */
		3BD3AC3F2BE4DC08005F528C /* Resources */ = {
			isa = PBXResourcesBuildPhase;
			buildActionMask = 2147483647;
			files = (
				3BD3AC4E2BE4DC09005F528C /* Assets.xcassets in Resources */,
				3BD3AC512BE4DC09005F528C /* Base in Resources */,
				3BD3AC952BE4F977005F528C /* DetailViewController.xib in Resources */,
				3BD3AC4C2BE4DC08005F528C /* Base in Resources */,
				3BD3AC7D2BE4E105005F528C /* MainViewController.xib in Resources */,
			);
			runOnlyForDeploymentPostprocessing = 0;
		};
		3BD3AC552BE4DC0A005F528C /* Resources */ = {
			isa = PBXResourcesBuildPhase;
			buildActionMask = 2147483647;
			files = (
			);
			runOnlyForDeploymentPostprocessing = 0;
		};
		3BD3AC5F2BE4DC0A005F528C /* Resources */ = {
			isa = PBXResourcesBuildPhase;
			buildActionMask = 2147483647;
			files = (
			);
			runOnlyForDeploymentPostprocessing = 0;
		};
/* End PBXResourcesBuildPhase section */

/* Begin PBXSourcesBuildPhase section */
		3BD3AC3D2BE4DC08005F528C /* Sources */ = {
			isa = PBXSourcesBuildPhase;
			buildActionMask = 2147483647;
			files = (
				3BD3AC962BE4F977005F528C /* DetailViewController.swift in Sources */,
				3BD3AC772BE4DDAA005F528C /* MainPresenter.swift in Sources */,
				3BD3AC492BE4DC08005F528C /* MainViewController.swift in Sources */,
				3BD3AC8B2BE4F690005F528C /* DetailPresenter.swift in Sources */,
				3BD3AC452BE4DC08005F528C /* AppDelegate.swift in Sources */,
				3BD3AC752BE4DC47005F528C /* Comment.swift in Sources */,
				3BD3AC472BE4DC08005F528C /* SceneDelegate.swift in Sources */,
				3BD3AC7F2BE4E1EC005F528C /* ModelBuilder.swift in Sources */,
				3BD3AC862BE4F170005F528C /* NetworkService.swift in Sources */,
			);
			runOnlyForDeploymentPostprocessing = 0;
		};
		3BD3AC532BE4DC0A005F528C /* Sources */ = {
			isa = PBXSourcesBuildPhase;
			buildActionMask = 2147483647;
			files = (
				3BD3AC5C2BE4DC0A005F528C /* MVP_Level_OneTests.swift in Sources */,
				3BD3AC842BE4E555005F528C /* MainPresenterTest.swift in Sources */,
			);
			runOnlyForDeploymentPostprocessing = 0;
		};
		3BD3AC5D2BE4DC0A005F528C /* Sources */ = {
			isa = PBXSourcesBuildPhase;
			buildActionMask = 2147483647;
			files = (
				3BD3AC682BE4DC0A005F528C /* MVP_Level_OneUITestsLaunchTests.swift in Sources */,
				3BD3AC662BE4DC0A005F528C /* MVP_Level_OneUITests.swift in Sources */,
			);
			runOnlyForDeploymentPostprocessing = 0;
		};
/* End PBXSourcesBuildPhase section */

/* Begin PBXTargetDependency section */
		3BD3AC592BE4DC0A005F528C /* PBXTargetDependency */ = {
			isa = PBXTargetDependency;
			target = 3BD3AC402BE4DC08005F528C /* MVP-Level One */;
			targetProxy = 3BD3AC582BE4DC0A005F528C /* PBXContainerItemProxy */;
		};
		3BD3AC632BE4DC0A005F528C /* PBXTargetDependency */ = {
			isa = PBXTargetDependency;
			target = 3BD3AC402BE4DC08005F528C /* MVP-Level One */;
			targetProxy = 3BD3AC622BE4DC0A005F528C /* PBXContainerItemProxy */;
		};
/* End PBXTargetDependency section */

/* Begin PBXVariantGroup section */
		3BD3AC4A2BE4DC08005F528C /* Main.storyboard */ = {
			isa = PBXVariantGroup;
			children = (
				3BD3AC4B2BE4DC08005F528C /* Base */,
			);
			name = Main.storyboard;
			sourceTree = "<group>";
		};
		3BD3AC4F2BE4DC09005F528C /* LaunchScreen.storyboard */ = {
			isa = PBXVariantGroup;
			children = (
				3BD3AC502BE4DC09005F528C /* Base */,
			);
			name = LaunchScreen.storyboard;
			sourceTree = "<group>";
		};
/* End PBXVariantGroup section */

/* Begin XCBuildConfiguration section */
		3BD3AC692BE4DC0A005F528C /* Debug */ = {
			isa = XCBuildConfiguration;
			buildSettings = {
				ALWAYS_SEARCH_USER_PATHS = NO;
				ASSETCATALOG_COMPILER_GENERATE_SWIFT_ASSET_SYMBOL_EXTENSIONS = YES;
				CLANG_ANALYZER_NONNULL = YES;
				CLANG_ANALYZER_NUMBER_OBJECT_CONVERSION = YES_AGGRESSIVE;
				CLANG_CXX_LANGUAGE_STANDARD = "gnu++20";
				CLANG_ENABLE_MODULES = YES;
				CLANG_ENABLE_OBJC_ARC = YES;
				CLANG_ENABLE_OBJC_WEAK = YES;
				CLANG_WARN_BLOCK_CAPTURE_AUTORELEASING = YES;
				CLANG_WARN_BOOL_CONVERSION = YES;
				CLANG_WARN_COMMA = YES;
				CLANG_WARN_CONSTANT_CONVERSION = YES;
				CLANG_WARN_DEPRECATED_OBJC_IMPLEMENTATIONS = YES;
				CLANG_WARN_DIRECT_OBJC_ISA_USAGE = YES_ERROR;
				CLANG_WARN_DOCUMENTATION_COMMENTS = YES;
				CLANG_WARN_EMPTY_BODY = YES;
				CLANG_WARN_ENUM_CONVERSION = YES;
				CLANG_WARN_INFINITE_RECURSION = YES;
				CLANG_WARN_INT_CONVERSION = YES;
				CLANG_WARN_NON_LITERAL_NULL_CONVERSION = YES;
				CLANG_WARN_OBJC_IMPLICIT_RETAIN_SELF = YES;
				CLANG_WARN_OBJC_LITERAL_CONVERSION = YES;
				CLANG_WARN_OBJC_ROOT_CLASS = YES_ERROR;
				CLANG_WARN_QUOTED_INCLUDE_IN_FRAMEWORK_HEADER = YES;
				CLANG_WARN_RANGE_LOOP_ANALYSIS = YES;
				CLANG_WARN_STRICT_PROTOTYPES = YES;
				CLANG_WARN_SUSPICIOUS_MOVE = YES;
				CLANG_WARN_UNGUARDED_AVAILABILITY = YES_AGGRESSIVE;
				CLANG_WARN_UNREACHABLE_CODE = YES;
				CLANG_WARN__DUPLICATE_METHOD_MATCH = YES;
				COPY_PHASE_STRIP = NO;
				DEBUG_INFORMATION_FORMAT = dwarf;
				ENABLE_STRICT_OBJC_MSGSEND = YES;
				ENABLE_TESTABILITY = YES;
				ENABLE_USER_SCRIPT_SANDBOXING = YES;
				GCC_C_LANGUAGE_STANDARD = gnu17;
				GCC_DYNAMIC_NO_PIC = NO;
				GCC_NO_COMMON_BLOCKS = YES;
				GCC_OPTIMIZATION_LEVEL = 0;
				GCC_PREPROCESSOR_DEFINITIONS = (
					"DEBUG=1",
					"$(inherited)",
				);
				GCC_WARN_64_TO_32_BIT_CONVERSION = YES;
				GCC_WARN_ABOUT_RETURN_TYPE = YES_ERROR;
				GCC_WARN_UNDECLARED_SELECTOR = YES;
				GCC_WARN_UNINITIALIZED_AUTOS = YES_AGGRESSIVE;
				GCC_WARN_UNUSED_FUNCTION = YES;
				GCC_WARN_UNUSED_VARIABLE = YES;
				IPHONEOS_DEPLOYMENT_TARGET = 17.4;
				LOCALIZATION_PREFERS_STRING_CATALOGS = YES;
				MTL_ENABLE_DEBUG_INFO = INCLUDE_SOURCE;
				MTL_FAST_MATH = YES;
				ONLY_ACTIVE_ARCH = YES;
				SDKROOT = iphoneos;
				SWIFT_ACTIVE_COMPILATION_CONDITIONS = "DEBUG $(inherited)";
				SWIFT_OPTIMIZATION_LEVEL = "-Onone";
			};
			name = Debug;
		};
		3BD3AC6A2BE4DC0A005F528C /* Release */ = {
			isa = XCBuildConfiguration;
			buildSettings = {
				ALWAYS_SEARCH_USER_PATHS = NO;
				ASSETCATALOG_COMPILER_GENERATE_SWIFT_ASSET_SYMBOL_EXTENSIONS = YES;
				CLANG_ANALYZER_NONNULL = YES;
				CLANG_ANALYZER_NUMBER_OBJECT_CONVERSION = YES_AGGRESSIVE;
				CLANG_CXX_LANGUAGE_STANDARD = "gnu++20";
				CLANG_ENABLE_MODULES = YES;
				CLANG_ENABLE_OBJC_ARC = YES;
				CLANG_ENABLE_OBJC_WEAK = YES;
				CLANG_WARN_BLOCK_CAPTURE_AUTORELEASING = YES;
				CLANG_WARN_BOOL_CONVERSION = YES;
				CLANG_WARN_COMMA = YES;
				CLANG_WARN_CONSTANT_CONVERSION = YES;
				CLANG_WARN_DEPRECATED_OBJC_IMPLEMENTATIONS = YES;
				CLANG_WARN_DIRECT_OBJC_ISA_USAGE = YES_ERROR;
				CLANG_WARN_DOCUMENTATION_COMMENTS = YES;
				CLANG_WARN_EMPTY_BODY = YES;
				CLANG_WARN_ENUM_CONVERSION = YES;
				CLANG_WARN_INFINITE_RECURSION = YES;
				CLANG_WARN_INT_CONVERSION = YES;
				CLANG_WARN_NON_LITERAL_NULL_CONVERSION = YES;
				CLANG_WARN_OBJC_IMPLICIT_RETAIN_SELF = YES;
				CLANG_WARN_OBJC_LITERAL_CONVERSION = YES;
				CLANG_WARN_OBJC_ROOT_CLASS = YES_ERROR;
				CLANG_WARN_QUOTED_INCLUDE_IN_FRAMEWORK_HEADER = YES;
				CLANG_WARN_RANGE_LOOP_ANALYSIS = YES;
				CLANG_WARN_STRICT_PROTOTYPES = YES;
				CLANG_WARN_SUSPICIOUS_MOVE = YES;
				CLANG_WARN_UNGUARDED_AVAILABILITY = YES_AGGRESSIVE;
				CLANG_WARN_UNREACHABLE_CODE = YES;
				CLANG_WARN__DUPLICATE_METHOD_MATCH = YES;
				COPY_PHASE_STRIP = NO;
				DEBUG_INFORMATION_FORMAT = "dwarf-with-dsym";
				ENABLE_NS_ASSERTIONS = NO;
				ENABLE_STRICT_OBJC_MSGSEND = YES;
				ENABLE_USER_SCRIPT_SANDBOXING = YES;
				GCC_C_LANGUAGE_STANDARD = gnu17;
				GCC_NO_COMMON_BLOCKS = YES;
				GCC_WARN_64_TO_32_BIT_CONVERSION = YES;
				GCC_WARN_ABOUT_RETURN_TYPE = YES_ERROR;
				GCC_WARN_UNDECLARED_SELECTOR = YES;
				GCC_WARN_UNINITIALIZED_AUTOS = YES_AGGRESSIVE;
				GCC_WARN_UNUSED_FUNCTION = YES;
				GCC_WARN_UNUSED_VARIABLE = YES;
				IPHONEOS_DEPLOYMENT_TARGET = 17.4;
				LOCALIZATION_PREFERS_STRING_CATALOGS = YES;
				MTL_ENABLE_DEBUG_INFO = NO;
				MTL_FAST_MATH = YES;
				SDKROOT = iphoneos;
				SWIFT_COMPILATION_MODE = wholemodule;
				VALIDATE_PRODUCT = YES;
			};
			name = Release;
		};
		3BD3AC6C2BE4DC0A005F528C /* Debug */ = {
			isa = XCBuildConfiguration;
			buildSettings = {
				ASSETCATALOG_COMPILER_APPICON_NAME = AppIcon;
				ASSETCATALOG_COMPILER_GLOBAL_ACCENT_COLOR_NAME = AccentColor;
				CODE_SIGN_STYLE = Automatic;
				CURRENT_PROJECT_VERSION = 1;
				DEVELOPMENT_TEAM = R9MAM5678Z;
				GENERATE_INFOPLIST_FILE = YES;
				INFOPLIST_FILE = "MVP-Level One/Info.plist";
				INFOPLIST_KEY_UIApplicationSupportsIndirectInputEvents = YES;
				INFOPLIST_KEY_UILaunchStoryboardName = LaunchScreen;
				INFOPLIST_KEY_UIMainStoryboardFile = Main;
				INFOPLIST_KEY_UISupportedInterfaceOrientations_iPad = "UIInterfaceOrientationPortrait UIInterfaceOrientationPortraitUpsideDown UIInterfaceOrientationLandscapeLeft UIInterfaceOrientationLandscapeRight";
				INFOPLIST_KEY_UISupportedInterfaceOrientations_iPhone = "UIInterfaceOrientationPortrait UIInterfaceOrientationLandscapeLeft UIInterfaceOrientationLandscapeRight";
				LD_RUNPATH_SEARCH_PATHS = (
					"$(inherited)",
					"@executable_path/Frameworks",
				);
				MARKETING_VERSION = 1.0;
				PRODUCT_BUNDLE_IDENTIFIER = "test.MVP-Level-One";
				PRODUCT_NAME = "$(TARGET_NAME)";
				SWIFT_EMIT_LOC_STRINGS = YES;
				SWIFT_VERSION = 5.0;
				TARGETED_DEVICE_FAMILY = "1,2";
			};
			name = Debug;
		};
		3BD3AC6D2BE4DC0A005F528C /* Release */ = {
			isa = XCBuildConfiguration;
			buildSettings = {
				ASSETCATALOG_COMPILER_APPICON_NAME = AppIcon;
				ASSETCATALOG_COMPILER_GLOBAL_ACCENT_COLOR_NAME = AccentColor;
				CODE_SIGN_STYLE = Automatic;
				CURRENT_PROJECT_VERSION = 1;
				DEVELOPMENT_TEAM = R9MAM5678Z;
				GENERATE_INFOPLIST_FILE = YES;
				INFOPLIST_FILE = "MVP-Level One/Info.plist";
				INFOPLIST_KEY_UIApplicationSupportsIndirectInputEvents = YES;
				INFOPLIST_KEY_UILaunchStoryboardName = LaunchScreen;
				INFOPLIST_KEY_UIMainStoryboardFile = Main;
				INFOPLIST_KEY_UISupportedInterfaceOrientations_iPad = "UIInterfaceOrientationPortrait UIInterfaceOrientationPortraitUpsideDown UIInterfaceOrientationLandscapeLeft UIInterfaceOrientationLandscapeRight";
				INFOPLIST_KEY_UISupportedInterfaceOrientations_iPhone = "UIInterfaceOrientationPortrait UIInterfaceOrientationLandscapeLeft UIInterfaceOrientationLandscapeRight";
				LD_RUNPATH_SEARCH_PATHS = (
					"$(inherited)",
					"@executable_path/Frameworks",
				);
				MARKETING_VERSION = 1.0;
				PRODUCT_BUNDLE_IDENTIFIER = "test.MVP-Level-One";
				PRODUCT_NAME = "$(TARGET_NAME)";
				SWIFT_EMIT_LOC_STRINGS = YES;
				SWIFT_VERSION = 5.0;
				TARGETED_DEVICE_FAMILY = "1,2";
			};
			name = Release;
		};
		3BD3AC6F2BE4DC0A005F528C /* Debug */ = {
			isa = XCBuildConfiguration;
			buildSettings = {
				ALWAYS_EMBED_SWIFT_STANDARD_LIBRARIES = YES;
				BUNDLE_LOADER = "$(TEST_HOST)";
				CODE_SIGN_STYLE = Automatic;
				CURRENT_PROJECT_VERSION = 1;
				DEVELOPMENT_TEAM = R9MAM5678Z;
				GENERATE_INFOPLIST_FILE = YES;
				IPHONEOS_DEPLOYMENT_TARGET = 17.4;
				MARKETING_VERSION = 1.0;
				PRODUCT_BUNDLE_IDENTIFIER = "test.MVP-Level-OneTests";
				PRODUCT_NAME = "$(TARGET_NAME)";
				SWIFT_EMIT_LOC_STRINGS = NO;
				SWIFT_VERSION = 5.0;
				TARGETED_DEVICE_FAMILY = "1,2";
				TEST_HOST = "$(BUILT_PRODUCTS_DIR)/MVP-Level One.app/$(BUNDLE_EXECUTABLE_FOLDER_PATH)/MVP-Level One";
			};
			name = Debug;
		};
		3BD3AC702BE4DC0A005F528C /* Release */ = {
			isa = XCBuildConfiguration;
			buildSettings = {
				ALWAYS_EMBED_SWIFT_STANDARD_LIBRARIES = YES;
				BUNDLE_LOADER = "$(TEST_HOST)";
				CODE_SIGN_STYLE = Automatic;
				CURRENT_PROJECT_VERSION = 1;
				DEVELOPMENT_TEAM = R9MAM5678Z;
				GENERATE_INFOPLIST_FILE = YES;
				IPHONEOS_DEPLOYMENT_TARGET = 17.4;
				MARKETING_VERSION = 1.0;
				PRODUCT_BUNDLE_IDENTIFIER = "test.MVP-Level-OneTests";
				PRODUCT_NAME = "$(TARGET_NAME)";
				SWIFT_EMIT_LOC_STRINGS = NO;
				SWIFT_VERSION = 5.0;
				TARGETED_DEVICE_FAMILY = "1,2";
				TEST_HOST = "$(BUILT_PRODUCTS_DIR)/MVP-Level One.app/$(BUNDLE_EXECUTABLE_FOLDER_PATH)/MVP-Level One";
			};
			name = Release;
		};
		3BD3AC722BE4DC0A005F528C /* Debug */ = {
			isa = XCBuildConfiguration;
			buildSettings = {
				ALWAYS_EMBED_SWIFT_STANDARD_LIBRARIES = YES;
				CODE_SIGN_STYLE = Automatic;
				CURRENT_PROJECT_VERSION = 1;
				DEVELOPMENT_TEAM = R9MAM5678Z;
				GENERATE_INFOPLIST_FILE = YES;
				MARKETING_VERSION = 1.0;
				PRODUCT_BUNDLE_IDENTIFIER = "test.MVP-Level-OneUITests";
				PRODUCT_NAME = "$(TARGET_NAME)";
				SWIFT_EMIT_LOC_STRINGS = NO;
				SWIFT_VERSION = 5.0;
				TARGETED_DEVICE_FAMILY = "1,2";
				TEST_TARGET_NAME = "MVP-Level One";
			};
			name = Debug;
		};
		3BD3AC732BE4DC0A005F528C /* Release */ = {
			isa = XCBuildConfiguration;
			buildSettings = {
				ALWAYS_EMBED_SWIFT_STANDARD_LIBRARIES = YES;
				CODE_SIGN_STYLE = Automatic;
				CURRENT_PROJECT_VERSION = 1;
				DEVELOPMENT_TEAM = R9MAM5678Z;
				GENERATE_INFOPLIST_FILE = YES;
				MARKETING_VERSION = 1.0;
				PRODUCT_BUNDLE_IDENTIFIER = "test.MVP-Level-OneUITests";
				PRODUCT_NAME = "$(TARGET_NAME)";
				SWIFT_EMIT_LOC_STRINGS = NO;
				SWIFT_VERSION = 5.0;
				TARGETED_DEVICE_FAMILY = "1,2";
				TEST_TARGET_NAME = "MVP-Level One";
			};
			name = Release;
		};
/* End XCBuildConfiguration section */

/* Begin XCConfigurationList section */
		3BD3AC3C2BE4DC08005F528C /* Build configuration list for PBXProject "MVP-Level One" */ = {
			isa = XCConfigurationList;
			buildConfigurations = (
				3BD3AC692BE4DC0A005F528C /* Debug */,
				3BD3AC6A2BE4DC0A005F528C /* Release */,
			);
			defaultConfigurationIsVisible = 0;
			defaultConfigurationName = Release;
		};
		3BD3AC6B2BE4DC0A005F528C /* Build configuration list for PBXNativeTarget "MVP-Level One" */ = {
			isa = XCConfigurationList;
			buildConfigurations = (
				3BD3AC6C2BE4DC0A005F528C /* Debug */,
				3BD3AC6D2BE4DC0A005F528C /* Release */,
			);
			defaultConfigurationIsVisible = 0;
			defaultConfigurationName = Release;
		};
		3BD3AC6E2BE4DC0A005F528C /* Build configuration list for PBXNativeTarget "MVP-Level OneTests" */ = {
			isa = XCConfigurationList;
			buildConfigurations = (
				3BD3AC6F2BE4DC0A005F528C /* Debug */,
				3BD3AC702BE4DC0A005F528C /* Release */,
			);
			defaultConfigurationIsVisible = 0;
			defaultConfigurationName = Release;
		};
		3BD3AC712BE4DC0A005F528C /* Build configuration list for PBXNativeTarget "MVP-Level OneUITests" */ = {
			isa = XCConfigurationList;
			buildConfigurations = (
				3BD3AC722BE4DC0A005F528C /* Debug */,
				3BD3AC732BE4DC0A005F528C /* Release */,
			);
			defaultConfigurationIsVisible = 0;
			defaultConfigurationName = Release;
		};
/* End XCConfigurationList section */
	};
	rootObject = 3BD3AC392BE4DC08005F528C /* Project object */;
}
